
Microsoft Visual Studio Solution File, Format Version 12.00
# Visual Studio Version 16
VisualStudioVersion = 16.0.32228.343
MinimumVisualStudioVersion = 10.0.40219.1
Project("{FAE04EC0-301F-11D3-BF4B-00C04F79EFBC}") = "AB.Locacao", "AB.Locacao\AB.Locacao.csproj", "{BD0AE541-7DB3-48BF-99DD-CE25659F9FDD}"
EndProject
Global
	GlobalSection(SolutionConfigurationPlatforms) = preSolution
		Debug|Any CPU = Debug|Any CPU
		Release|Any CPU = Release|Any CPU
	EndGlobalSection
	GlobalSection(ProjectConfigurationPlatforms) = postSolution
		{BD0AE541-7DB3-48BF-99DD-CE25659F9FDD}.Debug|Any CPU.ActiveCfg = Debug|Any CPU
		{BD0AE541-7DB3-48BF-99DD-CE25659F9FDD}.Debug|Any CPU.Build.0 = Debug|Any CPU
		{BD0AE541-7DB3-48BF-99DD-CE25659F9FDD}.Release|Any CPU.ActiveCfg = Release|Any CPU
		{BD0AE541-7DB3-48BF-99DD-CE25659F9FDD}.Release|Any CPU.Build.0 = Release|Any CPU
	EndGlobalSection
	GlobalSection(SolutionProperties) = preSolution
		HideSolutionNode = FALSE
	EndGlobalSection
	GlobalSection(ExtensibilityGlobals) = postSolution
		SolutionGuid = {49FCD1F6-00C0-4FD9-9EF6-2F0371E05D35}
	EndGlobalSection
EndGlobal
