
Microsoft Visual Studio Solution File, Format Version 12.00
# Visual Studio Version 16
VisualStudioVersion = 16.0.32228.343
MinimumVisualStudioVersion = 10.0.40219.1
Project("{FAE04EC0-301F-11D3-BF4B-00C04F79EFBC}") = "AB.Locacao", "AB.Locacao\AB.Locacao.csproj", "{BD0AE541-7DB3-48BF-99DD-CE25659F9FDD}"
EndProject
Project("{2150E333-8FDC-42A3-9474-1A3956D46DE8}") = "1-Web", "1-Web", "{F1C69EE7-966F-453D-8359-1BEC46B9B054}"
EndProject
Project("{2150E333-8FDC-42A3-9474-1A3956D46DE8}") = "2-Application", "2-Application", "{1CA58A9D-1FE8-4BAF-A55B-AD73D0AB4423}"
EndProject
Project("{2150E333-8FDC-42A3-9474-1A3956D46DE8}") = "3-Domain", "3-Domain", "{C2C4EF8E-1333-46B7-9BB8-1CCBC5295318}"
EndProject
Project("{2150E333-8FDC-42A3-9474-1A3956D46DE8}") = "4-Infra", "4-Infra", "{82429BA4-9F98-40D5-9F31-C497E8E05B8D}"
EndProject
Project("{FAE04EC0-301F-11D3-BF4B-00C04F79EFBC}") = "AB.Locacao.Application", "AB.Locacao.Application\AB.Locacao.Application.csproj", "{F2A89770-CCFC-4841-852A-F919FCE2769A}"
EndProject
Project("{FAE04EC0-301F-11D3-BF4B-00C04F79EFBC}") = "AB.Locacao.Domain", "AB.Locacao.Domain\AB.Locacao.Domain.csproj", "{153EE2D9-D54A-4E78-928E-A2F3E3F35B44}"
EndProject
Project("{2150E333-8FDC-42A3-9474-1A3956D46DE8}") = "4.1-Data", "4.1-Data", "{3B0B3D98-FA65-4551-A770-B0800CCD7C9B}"
EndProject
Project("{FAE04EC0-301F-11D3-BF4B-00C04F79EFBC}") = "AB.Locacao.Data", "AB.Locacao.Data\AB.Locacao.Data.csproj", "{4FD11D31-FDC3-404E-A974-B5B69958DB68}"
EndProject
Project("{2150E333-8FDC-42A3-9474-1A3956D46DE8}") = "4.2-CrossCutting", "4.2-CrossCutting", "{8989D49D-F402-40FB-95FD-553F74613AB4}"
EndProject
Global
	GlobalSection(SolutionConfigurationPlatforms) = preSolution
		Debug|Any CPU = Debug|Any CPU
		Release|Any CPU = Release|Any CPU
	EndGlobalSection
	GlobalSection(ProjectConfigurationPlatforms) = postSolution
		{BD0AE541-7DB3-48BF-99DD-CE25659F9FDD}.Debug|Any CPU.ActiveCfg = Debug|Any CPU
		{BD0AE541-7DB3-48BF-99DD-CE25659F9FDD}.Debug|Any CPU.Build.0 = Debug|Any CPU
		{BD0AE541-7DB3-48BF-99DD-CE25659F9FDD}.Release|Any CPU.ActiveCfg = Release|Any CPU
		{BD0AE541-7DB3-48BF-99DD-CE25659F9FDD}.Release|Any CPU.Build.0 = Release|Any CPU
		{F2A89770-CCFC-4841-852A-F919FCE2769A}.Debug|Any CPU.ActiveCfg = Debug|Any CPU
		{F2A89770-CCFC-4841-852A-F919FCE2769A}.Debug|Any CPU.Build.0 = Debug|Any CPU
		{F2A89770-CCFC-4841-852A-F919FCE2769A}.Release|Any CPU.ActiveCfg = Release|Any CPU
		{F2A89770-CCFC-4841-852A-F919FCE2769A}.Release|Any CPU.Build.0 = Release|Any CPU
		{153EE2D9-D54A-4E78-928E-A2F3E3F35B44}.Debug|Any CPU.ActiveCfg = Debug|Any CPU
		{153EE2D9-D54A-4E78-928E-A2F3E3F35B44}.Debug|Any CPU.Build.0 = Debug|Any CPU
		{153EE2D9-D54A-4E78-928E-A2F3E3F35B44}.Release|Any CPU.ActiveCfg = Release|Any CPU
		{153EE2D9-D54A-4E78-928E-A2F3E3F35B44}.Release|Any CPU.Build.0 = Release|Any CPU
		{4FD11D31-FDC3-404E-A974-B5B69958DB68}.Debug|Any CPU.ActiveCfg = Debug|Any CPU
		{4FD11D31-FDC3-404E-A974-B5B69958DB68}.Debug|Any CPU.Build.0 = Debug|Any CPU
		{4FD11D31-FDC3-404E-A974-B5B69958DB68}.Release|Any CPU.ActiveCfg = Release|Any CPU
		{4FD11D31-FDC3-404E-A974-B5B69958DB68}.Release|Any CPU.Build.0 = Release|Any CPU
	EndGlobalSection
	GlobalSection(SolutionProperties) = preSolution
		HideSolutionNode = FALSE
	EndGlobalSection
	GlobalSection(NestedProjects) = preSolution
		{BD0AE541-7DB3-48BF-99DD-CE25659F9FDD} = {F1C69EE7-966F-453D-8359-1BEC46B9B054}
		{F2A89770-CCFC-4841-852A-F919FCE2769A} = {1CA58A9D-1FE8-4BAF-A55B-AD73D0AB4423}
		{153EE2D9-D54A-4E78-928E-A2F3E3F35B44} = {C2C4EF8E-1333-46B7-9BB8-1CCBC5295318}
		{3B0B3D98-FA65-4551-A770-B0800CCD7C9B} = {82429BA4-9F98-40D5-9F31-C497E8E05B8D}
		{4FD11D31-FDC3-404E-A974-B5B69958DB68} = {3B0B3D98-FA65-4551-A770-B0800CCD7C9B}
		{8989D49D-F402-40FB-95FD-553F74613AB4} = {82429BA4-9F98-40D5-9F31-C497E8E05B8D}
	EndGlobalSection
	GlobalSection(ExtensibilityGlobals) = postSolution
		SolutionGuid = {49FCD1F6-00C0-4FD9-9EF6-2F0371E05D35}
	EndGlobalSection
EndGlobal
